{
  "name": "appengine-hello-world",
  "version": "0.0.1",
  "lockfileVersion": 1,
  "requires": true,
  "dependencies": {
    "@google-cloud/nodejs-repo-tools": {
      "version": "1.4.14",
      "resolved": "https://registry.npmjs.org/@google-cloud/nodejs-repo-tools/-/nodejs-repo-tools-1.4.14.tgz",
      "integrity": "sha1-t3hoe815jqFyoB0rkttDrZWosM4=",
      "dev": true
    },
    "express": {
      "version": "4.15.2",
      "resolved": "https://registry.npmjs.org/express/-/express-4.15.2.tgz",
      "integrity": "sha1-rxB/wUhQRFfy3Kmm8lcdcSm5ezU="
    }
  }
}
